[repos.effect]
url = "https://github.com/Effect-TS/effect-smol.git"
mode = "ref"
ref = "effect@4.0.0-beta.78"
commit = "a6b6944873461a934555a8897f5eaf5f768707e0"

[repos.liveline]
url = "https://github.com/benjitaylor/liveline.git"
mode = "ref"
ref = "main"
commit = "069899598a11e00094ea1eb6b838404825f828be"
